github.com/BurntSushi/toml v1.6.0 h1:dRaEfpa2VI55EwlIW72hMRHdWouJeRF7TPYhI+AUQjk=
github.com/BurntSushi/toml v1.6.0/go.mod h1:ukJfTF/6rtPPRCnwkur4qwRxa8vTRFBF0uk2lLoLwho=
github.com/creack/pty v1.1.24 h1:bJrF4RRfyJnbTJqzRLHzcGaZK1NeM5kTC9jGgovnR1s=
github.com/creack/pty v1.1.24/go.mod h1:08sCNb52WyoAwi2QDyzUCTgcvVFhUzewun7wtTfvcwE=
github.com/go-text/typesetting v0.3.4 h1:YYurUOtEb9kGSOz4uE3k4OpBGsp1dDL8+fjCeaFamAU=
github.com/go-text/typesetting v0.3.4/go.mod h1:4qZCQphq4KSgGTAeI0uMEkVbROgfah8BuyF5LRYr7XY=
github.com/go-text/typesetting-utils v0.0.0-20260223113751-2d88ac90dae3 h1:drBZzMgdYPbmyXqOto4YhhJGrFIQCX94FpR4MzTCsos=
github.com/go-text/typesetting-utils v0.0.0-20260223113751-2d88ac90dae3/go.mod h1:3/62I4La/HBRX9TcTpBj4eipLiwzf+vhI+7whTc9V7o=
github.com/go-webgpu/goffi v0.5.5 h1:xLWMhnJq+GrejlhTC3iVt3q8ozRbmYSq8kzuw6MKlgE=
github.com/go-webgpu/goffi v0.5.5/go.mod h1:wfoxNsJkU+5RFbV1kNN1kunhc1lFHuJKK3zpgx08/uM=
github.com/go-webgpu/webgpu v0.5.2 h1:E+yKCbRw/Dgn77pb/CX3kXatwwROGX7/B4ZFbRPaRbQ=
github.com/go-webgpu/webgpu v0.5.2/go.mod h1:d2RR3tI2kUtcMfpC+qJt46IRkDslRhftjCfQvnprGkY=
github.com/gogpu/gpucontext v0.21.0 h1:O1SnXBiednIyVP4Zx5SASh0svYiG6g/wF1igNZVo1Pc=
github.com/gogpu/gpucontext v0.21.0/go.mod h1:6zwdmYXH5GQltoiHbb3WXVS/UJ5bFsCux0mXCVqGlzY=
github.com/gogpu/gputypes v0.5.1 h1:X38OPcP6umQqqubzzJYL6Nm1tXHSNQj6TRSAoxdAJmg=
github.com/gogpu/gputypes v0.5.1/go.mod h1:cnXrDMwTpWTvJLW1Vreop3PcT6a2YP/i3s91rPaOavw=
github.com/gogpu/naga v0.17.15 h1:uyy4bc8wYlvDaYOpmCBYrJ+d+e7ZqP2BN36csmRVs7o=
github.com/gogpu/naga v0.17.15/go.mod h1:15sQaHKkbqXcwTN+hHYGLsA0WBBnkmYzne/eF5p5WEg=
github.com/gogpu/wgpu v0.30.7 h1:6oUDyu3fphQNaTuB/4qBFYqRUIdw11O1mPm5aF/Lx9o=
github.com/gogpu/wgpu v0.30.7/go.mod h1:Mfd5ail+nNg8Gl/vt6cijoWMz41cpl2z+Mpx+I+ZkQ8=
golang.org/x/image v0.41.0 h1:8wS72eGJMJaBxK6okTzd4WaXumUlTVlb753MlsSvTCo=
golang.org/x/image v0.41.0/go.mod h1:uIc348UZMSvS5Z65CVZ7iDPaNobNFEPeJ4kbqTOszmA=
golang.org/x/sys v0.46.0 h1:noSf2Fq6F8DBgS+LysIkx7rIExoNHJsxOAtPp4rthXw=
golang.org/x/sys v0.46.0/go.mod h1:4GL1E5IUh+htKOUEOaiffhrAeqysfVGipDYzABqnCmw=
golang.org/x/text v0.37.0 h1:Cqjiwd9eSg8e0QAkyCaQTNHFIIzWtidPahFWR83rTrc=
golang.org/x/text v0.37.0/go.mod h1:a5sjxXGs9hsn/AJVwuElvCAo9v8QYLzvavO5z2PiM38=
